// !$*UTF8*$!
{
	archiveVersion = 1;
	classes = {
	};
	objectVersion = 46;
	objects = {

/* Begin PBXBuildFile section */
		278D2ED21DD5E59800E058D0 /* ContractEmployeeInformation.swift in Sources */ = {isa = PBXBuildFile; fileRef = 278D2ED11DD5E59800E058D0 /* ContractEmployeeInformation.swift */; };
		278D2ED41DD626B400E058D0 /* Vendor.swift in Sources */ = {isa = PBXBuildFile; fileRef = 278D2ED31DD626B400E058D0 /* Vendor.swift */; };
		278D2ED61DD74ACC00E058D0 /* AccessSoundCue.swift in Sources */ = {isa = PBXBuildFile; fileRef = 278D2ED51DD74ACC00E058D0 /* AccessSoundCue.swift */; };
		27D58A481DD4D4650026C9D7 /* AppDelegate.swift in Sources */ = {isa = PBXBuildFile; fileRef = 27D58A471DD4D4650026C9D7 /* AppDelegate.swift */; };
		27D58A4A1DD4D4650026C9D7 /* ViewController.swift in Sources */ = {isa = PBXBuildFile; fileRef = 27D58A491DD4D4650026C9D7 /* ViewController.swift */; };
		27D58A4F1DD4D4650026C9D7 /* Assets.xcassets in Resources */ = {isa = PBXBuildFile; fileRef = 27D58A4E1DD4D4650026C9D7 /* Assets.xcassets */; };
		27D58A521DD4D4650026C9D7 /* LaunchScreen.storyboard in Resources */ = {isa = PBXBuildFile; fileRef = 27D58A501DD4D4650026C9D7 /* LaunchScreen.storyboard */; };
		27D58A5A1DD4D49D0026C9D7 /* Main.storyboard in Resources */ = {isa = PBXBuildFile; fileRef = 27D58A591DD4D49D0026C9D7 /* Main.storyboard */; };
		27D58A6B1DD4D4E30026C9D7 /* CardReader.swift in Sources */ = {isa = PBXBuildFile; fileRef = 27D58A5B1DD4D4E30026C9D7 /* CardReader.swift */; };
		27D58A6C1DD4D4E30026C9D7 /* AccessArea.swift in Sources */ = {isa = PBXBuildFile; fileRef = 27D58A5C1DD4D4E30026C9D7 /* AccessArea.swift */; };
		27D58A6D1DD4D4E30026C9D7 /* AccessCardReader.swift in Sources */ = {isa = PBXBuildFile; fileRef = 27D58A5D1DD4D4E30026C9D7 /* AccessCardReader.swift */; };
		27D58A6E1DD4D4E30026C9D7 /* PassType.swift in Sources */ = {isa = PBXBuildFile; fileRef = 27D58A5E1DD4D4E30026C9D7 /* PassType.swift */; };
		27D58A6F1DD4D4E30026C9D7 /* AccessPass.swift in Sources */ = {isa = PBXBuildFile; fileRef = 27D58A5F1DD4D4E30026C9D7 /* AccessPass.swift */; };
		27D58A701DD4D4E30026C9D7 /* AccessPassError.swift in Sources */ = {isa = PBXBuildFile; fileRef = 27D58A601DD4D4E30026C9D7 /* AccessPassError.swift */; };
		27D58A711DD4D4E30026C9D7 /* AccessPassGenerator.swift in Sources */ = {isa = PBXBuildFile; fileRef = 27D58A611DD4D4E30026C9D7 /* AccessPassGenerator.swift */; };
		27D58A721DD4D4E30026C9D7 /* AgeVerifiable.swift in Sources */ = {isa = PBXBuildFile; fileRef = 27D58A621DD4D4E30026C9D7 /* AgeVerifiable.swift */; };
		27D58A731DD4D4E30026C9D7 /* Contactable.swift in Sources */ = {isa = PBXBuildFile; fileRef = 27D58A631DD4D4E30026C9D7 /* Contactable.swift */; };
		27D58A741DD4D4E30026C9D7 /* ContactInformation.swift in Sources */ = {isa = PBXBuildFile; fileRef = 27D58A641DD4D4E30026C9D7 /* ContactInformation.swift */; };
		27D58A751DD4D4E30026C9D7 /* GuestType.swift in Sources */ = {isa = PBXBuildFile; fileRef = 27D58A651DD4D4E30026C9D7 /* GuestType.swift */; };
		27D58A761DD4D4E30026C9D7 /* HourlyEmployeeType.swift in Sources */ = {isa = PBXBuildFile; fileRef = 27D58A661DD4D4E30026C9D7 /* HourlyEmployeeType.swift */; };
		27D58A771DD4D4E30026C9D7 /* ManagerType.swift in Sources */ = {isa = PBXBuildFile; fileRef = 27D58A671DD4D4E30026C9D7 /* ManagerType.swift */; };
		27D58A781DD4D4E30026C9D7 /* ParkEntrant.swift in Sources */ = {isa = PBXBuildFile; fileRef = 27D58A681DD4D4E30026C9D7 /* ParkEntrant.swift */; };
		27D58A791DD4D4E30026C9D7 /* DiscountType.swift in Sources */ = {isa = PBXBuildFile; fileRef = 27D58A691DD4D4E30026C9D7 /* DiscountType.swift */; };
		27D58A7A1DD4D4E30026C9D7 /* RideAccess.swift in Sources */ = {isa = PBXBuildFile; fileRef = 27D58A6A1DD4D4E30026C9D7 /* RideAccess.swift */; };
		27D58A7D1DD4D5180026C9D7 /* AccessDenied.wav in Resources */ = {isa = PBXBuildFile; fileRef = 27D58A7B1DD4D5180026C9D7 /* AccessDenied.wav */; };
		27D58A7E1DD4D5180026C9D7 /* AccessGranted.wav in Resources */ = {isa = PBXBuildFile; fileRef = 27D58A7C1DD4D5180026C9D7 /* AccessGranted.wav */; };
		27D58A861DD4E58E0026C9D7 /* VendorVisit.swift in Sources */ = {isa = PBXBuildFile; fileRef = 27D58A851DD4E58E0026C9D7 /* VendorVisit.swift */; };
		27D58A881DD4E8DE0026C9D7 /* TemporaryType.swift in Sources */ = {isa = PBXBuildFile; fileRef = 27D58A871DD4E8DE0026C9D7 /* TemporaryType.swift */; };
		27D58A8A1DD506450026C9D7 /* Project.swift in Sources */ = {isa = PBXBuildFile; fileRef = 27D58A891DD506450026C9D7 /* Project.swift */; };
/* End PBXBuildFile section */

/* Begin PBXFileReference section */
		278D2ED11DD5E59800E058D0 /* ContractEmployeeInformation.swift */ = {isa = PBXFileReference; fileEncoding = 4; lastKnownFileType = sourcecode.swift; path = ContractEmployeeInformation.swift; sourceTree = "<group>"; };
		278D2ED31DD626B400E058D0 /* Vendor.swift */ = {isa = PBXFileReference; fileEncoding = 4; lastKnownFileType = sourcecode.swift; path = Vendor.swift; sourceTree = "<group>"; };
		278D2ED51DD74ACC00E058D0 /* AccessSoundCue.swift */ = {isa = PBXFileReference; fileEncoding = 4; lastKnownFileType = sourcecode.swift; path = AccessSoundCue.swift; sourceTree = "<group>"; };
		27D58A441DD4D4650026C9D7 /* AmusementparkPassGeneratorPart2.app */ = {isa = PBXFileReference; explicitFileType = wrapper.application; includeInIndex = 0; path = AmusementparkPassGeneratorPart2.app; sourceTree = BUILT_PRODUCTS_DIR; };
		27D58A471DD4D4650026C9D7 /* AppDelegate.swift */ = {isa = PBXFileReference; lastKnownFileType = sourcecode.swift; path = AppDelegate.swift; sourceTree = "<group>"; };
		27D58A491DD4D4650026C9D7 /* ViewController.swift */ = {isa = PBXFileReference; lastKnownFileType = sourcecode.swift; path = ViewController.swift; sourceTree = "<group>"; };
		27D58A4E1DD4D4650026C9D7 /* Assets.xcassets */ = {isa = PBXFileReference; lastKnownFileType = folder.assetcatalog; path = Assets.xcassets; sourceTree = "<group>"; };
		27D58A511DD4D4650026C9D7 /* Base */ = {isa = PBXFileReference; lastKnownFileType = file.storyboard; name = Base; path = Base.lproj/LaunchScreen.storyboard; sourceTree = "<group>"; };
		27D58A531DD4D4650026C9D7 /* Info.plist */ = {isa = PBXFileReference; lastKnownFileType = text.plist.xml; path = Info.plist; sourceTree = "<group>"; };
		27D58A591DD4D49D0026C9D7 /* Main.storyboard */ = {isa = PBXFileReference; fileEncoding = 4; lastKnownFileType = file.storyboard; path = Main.storyboard; sourceTree = "<group>"; };
		27D58A5B1DD4D4E30026C9D7 /* CardReader.swift */ = {isa = PBXFileReference; fileEncoding = 4; lastKnownFileType = sourcecode.swift; path = CardReader.swift; sourceTree = "<group>"; };
		27D58A5C1DD4D4E30026C9D7 /* AccessArea.swift */ = {isa = PBXFileReference; fileEncoding = 4; lastKnownFileType = sourcecode.swift; path = AccessArea.swift; sourceTree = "<group>"; };
		27D58A5D1DD4D4E30026C9D7 /* AccessCardReader.swift */ = {isa = PBXFileReference; fileEncoding = 4; lastKnownFileType = sourcecode.swift; path = AccessCardReader.swift; sourceTree = "<group>"; };
		27D58A5E1DD4D4E30026C9D7 /* PassType.swift */ = {isa = PBXFileReference; fileEncoding = 4; lastKnownFileType = sourcecode.swift; path = PassType.swift; sourceTree = "<group>"; };
		27D58A5F1DD4D4E30026C9D7 /* AccessPass.swift */ = {isa = PBXFileReference; fileEncoding = 4; lastKnownFileType = sourcecode.swift; path = AccessPass.swift; sourceTree = "<group>"; };
		27D58A601DD4D4E30026C9D7 /* AccessPassError.swift */ = {isa = PBXFileReference; fileEncoding = 4; lastKnownFileType = sourcecode.swift; path = AccessPassError.swift; sourceTree = "<group>"; };
		27D58A611DD4D4E30026C9D7 /* AccessPassGenerator.swift */ = {isa = PBXFileReference; fileEncoding = 4; lastKnownFileType = sourcecode.swift; path = AccessPassGenerator.swift; sourceTree = "<group>"; };
		27D58A621DD4D4E30026C9D7 /* AgeVerifiable.swift */ = {isa = PBXFileReference; fileEncoding = 4; lastKnownFileType = sourcecode.swift; path = AgeVerifiable.swift; sourceTree = "<group>"; };
		27D58A631DD4D4E30026C9D7 /* Contactable.swift */ = {isa = PBXFileReference; fileEncoding = 4; lastKnownFileType = sourcecode.swift; path = Contactable.swift; sourceTree = "<group>"; };
		27D58A641DD4D4E30026C9D7 /* ContactInformation.swift */ = {isa = PBXFileReference; fileEncoding = 4; lastKnownFileType = sourcecode.swift; path = ContactInformation.swift; sourceTree = "<group>"; };
		27D58A651DD4D4E30026C9D7 /* GuestType.swift */ = {isa = PBXFileReference; fileEncoding = 4; lastKnownFileType = sourcecode.swift; path = GuestType.swift; sourceTree = "<group>"; };
		27D58A661DD4D4E30026C9D7 /* HourlyEmployeeType.swift */ = {isa = PBXFileReference; fileEncoding = 4; lastKnownFileType = sourcecode.swift; path = HourlyEmployeeType.swift; sourceTree = "<group>"; };
		27D58A671DD4D4E30026C9D7 /* ManagerType.swift */ = {isa = PBXFileReference; fileEncoding = 4; lastKnownFileType = sourcecode.swift; path = ManagerType.swift; sourceTree = "<group>"; };
		27D58A681DD4D4E30026C9D7 /* ParkEntrant.swift */ = {isa = PBXFileReference; fileEncoding = 4; lastKnownFileType = sourcecode.swift; path = ParkEntrant.swift; sourceTree = "<group>"; };
		27D58A691DD4D4E30026C9D7 /* DiscountType.swift */ = {isa = PBXFileReference; fileEncoding = 4; lastKnownFileType = sourcecode.swift; path = DiscountType.swift; sourceTree = "<group>"; };
		27D58A6A1DD4D4E30026C9D7 /* RideAccess.swift */ = {isa = PBXFileReference; fileEncoding = 4; lastKnownFileType = sourcecode.swift; path = RideAccess.swift; sourceTree = "<group>"; };
		27D58A7B1DD4D5180026C9D7 /* AccessDenied.wav */ = {isa = PBXFileReference; lastKnownFileType = audio.wav; path = AccessDenied.wav; sourceTree = "<group>"; };
		27D58A7C1DD4D5180026C9D7 /* AccessGranted.wav */ = {isa = PBXFileReference; lastKnownFileType = audio.wav; path = AccessGranted.wav; sourceTree = "<group>"; };
		27D58A851DD4E58E0026C9D7 /* VendorVisit.swift */ = {isa = PBXFileReference; fileEncoding = 4; lastKnownFileType = sourcecode.swift; path = VendorVisit.swift; sourceTree = "<group>"; };
		27D58A871DD4E8DE0026C9D7 /* TemporaryType.swift */ = {isa = PBXFileReference; fileEncoding = 4; lastKnownFileType = sourcecode.swift; path = TemporaryType.swift; sourceTree = "<group>"; };
		27D58A891DD506450026C9D7 /* Project.swift */ = {isa = PBXFileReference; fileEncoding = 4; lastKnownFileType = sourcecode.swift; path = Project.swift; sourceTree = "<group>"; };
/* End PBXFileReference section */

/* Begin PBXFrameworksBuildPhase section */
		27D58A411DD4D4650026C9D7 /* Frameworks */ = {
			isa = PBXFrameworksBuildPhase;
			buildActionMask = 2147483647;
			files = (
			);
			runOnlyForDeploymentPostprocessing = 0;
		};
/* End PBXFrameworksBuildPhase section */

/* Begin PBXGroup section */
		27D58A3B1DD4D4650026C9D7 = {
			isa = PBXGroup;
			children = (
				27D58A461DD4D4650026C9D7 /* AmusementparkPassGeneratorPart2 */,
				27D58A451DD4D4650026C9D7 /* Products */,
			);
			sourceTree = "<group>";
		};
		27D58A451DD4D4650026C9D7 /* Products */ = {
			isa = PBXGroup;
			children = (
				27D58A441DD4D4650026C9D7 /* AmusementparkPassGeneratorPart2.app */,
			);
			name = Products;
			sourceTree = "<group>";
		};
		27D58A461DD4D4650026C9D7 /* AmusementparkPassGeneratorPart2 */ = {
			isa = PBXGroup;
			children = (
				27D58A7F1DD4D51E0026C9D7 /* Sounds */,
				27D58A801DD4D5820026C9D7 /* Protocols */,
				27D58A811DD4D5920026C9D7 /* ParkEntitlements */,
				27D58A821DD4D5BF0026C9D7 /* AccessCardTypes */,
				27D58A831DD4D5D60026C9D7 /* Helper/ErrorTypes */,
				27D58A841DD4D5E30026C9D7 /* EntrantTypes */,
				27D58A471DD4D4650026C9D7 /* AppDelegate.swift */,
				27D58A491DD4D4650026C9D7 /* ViewController.swift */,
				27D58A591DD4D49D0026C9D7 /* Main.storyboard */,
				27D58A4E1DD4D4650026C9D7 /* Assets.xcassets */,
				27D58A501DD4D4650026C9D7 /* LaunchScreen.storyboard */,
				27D58A531DD4D4650026C9D7 /* Info.plist */,
			);
			path = AmusementparkPassGeneratorPart2;
			sourceTree = "<group>";
		};
		27D58A7F1DD4D51E0026C9D7 /* Sounds */ = {
			isa = PBXGroup;
			children = (
				27D58A7B1DD4D5180026C9D7 /* AccessDenied.wav */,
				27D58A7C1DD4D5180026C9D7 /* AccessGranted.wav */,
			);
			name = Sounds;
			sourceTree = "<group>";
		};
		27D58A801DD4D5820026C9D7 /* Protocols */ = {
			isa = PBXGroup;
			children = (
				27D58A5B1DD4D4E30026C9D7 /* CardReader.swift */,
				27D58A5E1DD4D4E30026C9D7 /* PassType.swift */,
				27D58A621DD4D4E30026C9D7 /* AgeVerifiable.swift */,
				27D58A631DD4D4E30026C9D7 /* Contactable.swift */,
				27D58A681DD4D4E30026C9D7 /* ParkEntrant.swift */,
			);
			name = Protocols;
			sourceTree = "<group>";
		};
		27D58A811DD4D5920026C9D7 /* ParkEntitlements */ = {
			isa = PBXGroup;
			children = (
				27D58A5C1DD4D4E30026C9D7 /* AccessArea.swift */,
				27D58A691DD4D4E30026C9D7 /* DiscountType.swift */,
				27D58A6A1DD4D4E30026C9D7 /* RideAccess.swift */,
			);
			name = ParkEntitlements;
			sourceTree = "<group>";
		};
		27D58A821DD4D5BF0026C9D7 /* AccessCardTypes */ = {
			isa = PBXGroup;
			children = (
				27D58A5D1DD4D4E30026C9D7 /* AccessCardReader.swift */,
				27D58A5F1DD4D4E30026C9D7 /* AccessPass.swift */,
				27D58A611DD4D4E30026C9D7 /* AccessPassGenerator.swift */,
			);
			name = AccessCardTypes;
			sourceTree = "<group>";
		};
		27D58A831DD4D5D60026C9D7 /* Helper/ErrorTypes */ = {
			isa = PBXGroup;
			children = (
				27D58A601DD4D4E30026C9D7 /* AccessPassError.swift */,
				27D58A641DD4D4E30026C9D7 /* ContactInformation.swift */,
				27D58A851DD4E58E0026C9D7 /* VendorVisit.swift */,
				27D58A891DD506450026C9D7 /* Project.swift */,
				278D2ED11DD5E59800E058D0 /* ContractEmployeeInformation.swift */,
				278D2ED31DD626B400E058D0 /* Vendor.swift */,
				278D2ED51DD74ACC00E058D0 /* AccessSoundCue.swift */,
			);
			name = Helper/ErrorTypes;
			sourceTree = "<group>";
		};
		27D58A841DD4D5E30026C9D7 /* EntrantTypes */ = {
			isa = PBXGroup;
			children = (
				27D58A651DD4D4E30026C9D7 /* GuestType.swift */,
				27D58A661DD4D4E30026C9D7 /* HourlyEmployeeType.swift */,
				27D58A671DD4D4E30026C9D7 /* ManagerType.swift */,
				27D58A871DD4E8DE0026C9D7 /* TemporaryType.swift */,
			);
			name = EntrantTypes;
			sourceTree = "<group>";
		};
/* End PBXGroup section */

/* Begin PBXNativeTarget section */
		27D58A431DD4D4650026C9D7 /* AmusementparkPassGeneratorPart2 */ = {
			isa = PBXNativeTarget;
			buildConfigurationList = 27D58A561DD4D4650026C9D7 /* Build configuration list for PBXNativeTarget "AmusementparkPassGeneratorPart2" */;
			buildPhases = (
				27D58A401DD4D4650026C9D7 /* Sources */,
				27D58A411DD4D4650026C9D7 /* Frameworks */,
				27D58A421DD4D4650026C9D7 /* Resources */,
			);
			buildRules = (
			);
			dependencies = (
			);
			name = AmusementparkPassGeneratorPart2;
			productName = AmusementparkPassGeneratorPart2;
			productReference = 27D58A441DD4D4650026C9D7 /* AmusementparkPassGeneratorPart2.app */;
			productType = "com.apple.product-type.application";
		};
/* End PBXNativeTarget section */

/* Begin PBXProject section */
		27D58A3C1DD4D4650026C9D7 /* Project object */ = {
			isa = PBXProject;
			attributes = {
				LastSwiftUpdateCheck = 0810;
				LastUpgradeCheck = 0810;
				ORGANIZATIONNAME = "Katherine Ebel";
				TargetAttributes = {
					27D58A431DD4D4650026C9D7 = {
						CreatedOnToolsVersion = 8.1;
						DevelopmentTeam = 8FN9PNN474;
						ProvisioningStyle = Automatic;
					};
				};
			};
			buildConfigurationList = 27D58A3F1DD4D4650026C9D7 /* Build configuration list for PBXProject "AmusementparkPassGeneratorPart2" */;
			compatibilityVersion = "Xcode 3.2";
			developmentRegion = English;
			hasScannedForEncodings = 0;
			knownRegions = (
				en,
				Base,
			);
			mainGroup = 27D58A3B1DD4D4650026C9D7;
			productRefGroup = 27D58A451DD4D4650026C9D7 /* Products */;
			projectDirPath = "";
			projectRoot = "";
			targets = (
				27D58A431DD4D4650026C9D7 /* AmusementparkPassGeneratorPart2 */,
			);
		};
/* End PBXProject section */

/* Begin PBXResourcesBuildPhase section */
		27D58A421DD4D4650026C9D7 /* Resources */ = {
			isa = PBXResourcesBuildPhase;
			buildActionMask = 2147483647;
			files = (
				27D58A5A1DD4D49D0026C9D7 /* Main.storyboard in Resources */,
				27D58A7E1DD4D5180026C9D7 /* AccessGranted.wav in Resources */,
				27D58A521DD4D4650026C9D7 /* LaunchScreen.storyboard in Resources */,
				27D58A4F1DD4D4650026C9D7 /* Assets.xcassets in Resources */,
				27D58A7D1DD4D5180026C9D7 /* AccessDenied.wav in Resources */,
			);
			runOnlyForDeploymentPostprocessing = 0;
		};
/* End PBXResourcesBuildPhase section */

/* Begin PBXSourcesBuildPhase section */
		27D58A401DD4D4650026C9D7 /* Sources */ = {
			isa = PBXSourcesBuildPhase;
			buildActionMask = 2147483647;
			files = (
				27D58A791DD4D4E30026C9D7 /* DiscountType.swift in Sources */,
				27D58A761DD4D4E30026C9D7 /* HourlyEmployeeType.swift in Sources */,
				27D58A6D1DD4D4E30026C9D7 /* AccessCardReader.swift in Sources */,
				27D58A6B1DD4D4E30026C9D7 /* CardReader.swift in Sources */,
				27D58A711DD4D4E30026C9D7 /* AccessPassGenerator.swift in Sources */,
				27D58A8A1DD506450026C9D7 /* Project.swift in Sources */,
				278D2ED21DD5E59800E058D0 /* ContractEmployeeInformation.swift in Sources */,
				278D2ED61DD74ACC00E058D0 /* AccessSoundCue.swift in Sources */,
				27D58A751DD4D4E30026C9D7 /* GuestType.swift in Sources */,
				27D58A731DD4D4E30026C9D7 /* Contactable.swift in Sources */,
				27D58A881DD4E8DE0026C9D7 /* TemporaryType.swift in Sources */,
				27D58A781DD4D4E30026C9D7 /* ParkEntrant.swift in Sources */,
				27D58A861DD4E58E0026C9D7 /* VendorVisit.swift in Sources */,
				27D58A6F1DD4D4E30026C9D7 /* AccessPass.swift in Sources */,
				27D58A701DD4D4E30026C9D7 /* AccessPassError.swift in Sources */,
				27D58A6E1DD4D4E30026C9D7 /* PassType.swift in Sources */,
				27D58A721DD4D4E30026C9D7 /* AgeVerifiable.swift in Sources */,
				27D58A4A1DD4D4650026C9D7 /* ViewController.swift in Sources */,
				278D2ED41DD626B400E058D0 /* Vendor.swift in Sources */,
				27D58A7A1DD4D4E30026C9D7 /* RideAccess.swift in Sources */,
				27D58A741DD4D4E30026C9D7 /* ContactInformation.swift in Sources */,
				27D58A6C1DD4D4E30026C9D7 /* AccessArea.swift in Sources */,
				27D58A481DD4D4650026C9D7 /* AppDelegate.swift in Sources */,
				27D58A771DD4D4E30026C9D7 /* ManagerType.swift in Sources */,
			);
			runOnlyForDeploymentPostprocessing = 0;
		};
/* End PBXSourcesBuildPhase section */

/* Begin PBXVariantGroup section */
		27D58A501DD4D4650026C9D7 /* LaunchScreen.storyboard */ = {
			isa = PBXVariantGroup;
			children = (
				27D58A511DD4D4650026C9D7 /* Base */,
			);
			name = LaunchScreen.storyboard;
			sourceTree = "<group>";
		};
/* End PBXVariantGroup section */

/* Begin XCBuildConfiguration section */
		27D58A541DD4D4650026C9D7 /* Debug */ = {
			isa = XCBuildConfiguration;
			buildSettings = {
				ALWAYS_SEARCH_USER_PATHS = NO;
				CLANG_ANALYZER_NONNULL = YES;
				CLANG_CXX_LANGUAGE_STANDARD = "gnu++0x";
				CLANG_CXX_LIBRARY = "libc++";
				CLANG_ENABLE_MODULES = YES;
				CLANG_ENABLE_OBJC_ARC = YES;
				CLANG_WARN_BOOL_CONVERSION = YES;
				CLANG_WARN_CONSTANT_CONVERSION = YES;
				CLANG_WARN_DIRECT_OBJC_ISA_USAGE = YES_ERROR;
				CLANG_WARN_DOCUMENTATION_COMMENTS = YES;
				CLANG_WARN_EMPTY_BODY = YES;
				CLANG_WARN_ENUM_CONVERSION = YES;
				CLANG_WARN_INFINITE_RECURSION = YES;
				CLANG_WARN_INT_CONVERSION = YES;
				CLANG_WARN_OBJC_ROOT_CLASS = YES_ERROR;
				CLANG_WARN_SUSPICIOUS_MOVES = YES;
				CLANG_WARN_UNREACHABLE_CODE = YES;
				CLANG_WARN__DUPLICATE_METHOD_MATCH = YES;
				"CODE_SIGN_IDENTITY[sdk=iphoneos*]" = "iPhone Developer";
				COPY_PHASE_STRIP = NO;
				DEBUG_INFORMATION_FORMAT = dwarf;
				ENABLE_STRICT_OBJC_MSGSEND = YES;
				ENABLE_TESTABILITY = YES;
				GCC_C_LANGUAGE_STANDARD = gnu99;
				GCC_DYNAMIC_NO_PIC = NO;
				GCC_NO_COMMON_BLOCKS = YES;
				GCC_OPTIMIZATION_LEVEL = 0;
				GCC_PREPROCESSOR_DEFINITIONS = (
					"DEBUG=1",
					"$(inherited)",
				);
				GCC_WARN_64_TO_32_BIT_CONVERSION = YES;
				GCC_WARN_ABOUT_RETURN_TYPE = YES_ERROR;
				GCC_WARN_UNDECLARED_SELECTOR = YES;
				GCC_WARN_UNINITIALIZED_AUTOS = YES_AGGRESSIVE;
				GCC_WARN_UNUSED_FUNCTION = YES;
				GCC_WARN_UNUSED_VARIABLE = YES;
				IPHONEOS_DEPLOYMENT_TARGET = 10.1;
				MTL_ENABLE_DEBUG_INFO = YES;
				ONLY_ACTIVE_ARCH = YES;
				SDKROOT = iphoneos;
				SWIFT_ACTIVE_COMPILATION_CONDITIONS = DEBUG;
				SWIFT_OPTIMIZATION_LEVEL = "-Onone";
				TARGETED_DEVICE_FAMILY = 2;
			};
			name = Debug;
		};
		27D58A551DD4D4650026C9D7 /* Release */ = {
			isa = XCBuildConfiguration;
			buildSettings = {
				ALWAYS_SEARCH_USER_PATHS = NO;
				CLANG_ANALYZER_NONNULL = YES;
				CLANG_CXX_LANGUAGE_STANDARD = "gnu++0x";
				CLANG_CXX_LIBRARY = "libc++";
				CLANG_ENABLE_MODULES = YES;
				CLANG_ENABLE_OBJC_ARC = YES;
				CLANG_WARN_BOOL_CONVERSION = YES;
				CLANG_WARN_CONSTANT_CONVERSION = YES;
				CLANG_WARN_DIRECT_OBJC_ISA_USAGE = YES_ERROR;
				CLANG_WARN_DOCUMENTATION_COMMENTS = YES;
				CLANG_WARN_EMPTY_BODY = YES;
				CLANG_WARN_ENUM_CONVERSION = YES;
				CLANG_WARN_INFINITE_RECURSION = YES;
				CLANG_WARN_INT_CONVERSION = YES;
				CLANG_WARN_OBJC_ROOT_CLASS = YES_ERROR;
				CLANG_WARN_SUSPICIOUS_MOVES = YES;
				CLANG_WARN_UNREACHABLE_CODE = YES;
				CLANG_WARN__DUPLICATE_METHOD_MATCH = YES;
				"CODE_SIGN_IDENTITY[sdk=iphoneos*]" = "iPhone Developer";
				COPY_PHASE_STRIP = NO;
				DEBUG_INFORMATION_FORMAT = "dwarf-with-dsym";
				ENABLE_NS_ASSERTIONS = NO;
				ENABLE_STRICT_OBJC_MSGSEND = YES;
				GCC_C_LANGUAGE_STANDARD = gnu99;
				GCC_NO_COMMON_BLOCKS = YES;
				GCC_WARN_64_TO_32_BIT_CONVERSION = YES;
				GCC_WARN_ABOUT_RETURN_TYPE = YES_ERROR;
				GCC_WARN_UNDECLARED_SELECTOR = YES;
				GCC_WARN_UNINITIALIZED_AUTOS = YES_AGGRESSIVE;
				GCC_WARN_UNUSED_FUNCTION = YES;
				GCC_WARN_UNUSED_VARIABLE = YES;
				IPHONEOS_DEPLOYMENT_TARGET = 10.1;
				MTL_ENABLE_DEBUG_INFO = NO;
				SDKROOT = iphoneos;
				SWIFT_OPTIMIZATION_LEVEL = "-Owholemodule";
				TARGETED_DEVICE_FAMILY = 2;
				VALIDATE_PRODUCT = YES;
			};
			name = Release;
		};
		27D58A571DD4D4650026C9D7 /* Debug */ = {
			isa = XCBuildConfiguration;
			buildSettings = {
				ASSETCATALOG_COMPILER_APPICON_NAME = AppIcon;
				DEVELOPMENT_TEAM = 8FN9PNN474;
				INFOPLIST_FILE = AmusementparkPassGeneratorPart2/Info.plist;
				LD_RUNPATH_SEARCH_PATHS = "$(inherited) @executable_path/Frameworks";
				PRODUCT_BUNDLE_IDENTIFIER = com.katherineebel.AmusementparkPassGeneratorPart2;
				PRODUCT_NAME = "$(TARGET_NAME)";
				SWIFT_VERSION = 3.0;
			};
			name = Debug;
		};
		27D58A581DD4D4650026C9D7 /* Release */ = {
			isa = XCBuildConfiguration;
			buildSettings = {
				ASSETCATALOG_COMPILER_APPICON_NAME = AppIcon;
				DEVELOPMENT_TEAM = 8FN9PNN474;
				INFOPLIST_FILE = AmusementparkPassGeneratorPart2/Info.plist;
				LD_RUNPATH_SEARCH_PATHS = "$(inherited) @executable_path/Frameworks";
				PRODUCT_BUNDLE_IDENTIFIER = com.katherineebel.AmusementparkPassGeneratorPart2;
				PRODUCT_NAME = "$(TARGET_NAME)";
				SWIFT_VERSION = 3.0;
			};
			name = Release;
		};
/* End XCBuildConfiguration section */

/* Begin XCConfigurationList section */
		27D58A3F1DD4D4650026C9D7 /* Build configuration list for PBXProject "AmusementparkPassGeneratorPart2" */ = {
			isa = XCConfigurationList;
			buildConfigurations = (
				27D58A541DD4D4650026C9D7 /* Debug */,
				27D58A551DD4D4650026C9D7 /* Release */,
			);
			defaultConfigurationIsVisible = 0;
			defaultConfigurationName = Release;
		};
		27D58A561DD4D4650026C9D7 /* Build configuration list for PBXNativeTarget "AmusementparkPassGeneratorPart2" */ = {
			isa = XCConfigurationList;
			buildConfigurations = (
				27D58A571DD4D4650026C9D7 /* Debug */,
				27D58A581DD4D4650026C9D7 /* Release */,
			);
			defaultConfigurationIsVisible = 0;
			defaultConfigurationName = Release;
		};
/* End XCConfigurationList section */
	};
	rootObject = 27D58A3C1DD4D4650026C9D7 /* Project object */;
}
